
Microsoft Visual Studio Solution File, Format Version 12.00
# Visual Studio 15
VisualStudioVersion = 15.0.26430.6
MinimumVisualStudioVersion = 10.0.40219.1
Project("{FAE04EC0-301F-11D3-BF4B-00C04F79EFBC}") = "lesson7-postage-calculator", "lesson7-postage-calculator\lesson7-postage-calculator.csproj", "{1882A890-7C26-43A4-9AB2-5B61828F2879}"
EndProject
Global
	GlobalSection(SolutionConfigurationPlatforms) = preSolution
		Debug|Any CPU = Debug|Any CPU
		Release|Any CPU = Release|Any CPU
	EndGlobalSection
	GlobalSection(ProjectConfigurationPlatforms) = postSolution
		{1882A890-7C26-43A4-9AB2-5B61828F2879}.Debug|Any CPU.ActiveCfg = Debug|Any CPU
		{1882A890-7C26-43A4-9AB2-5B61828F2879}.Debug|Any CPU.Build.0 = Debug|Any CPU
		{1882A890-7C26-43A4-9AB2-5B61828F2879}.Release|Any CPU.ActiveCfg = Release|Any CPU
		{1882A890-7C26-43A4-9AB2-5B61828F2879}.Release|Any CPU.Build.0 = Release|Any CPU
	EndGlobalSection
	GlobalSection(SolutionProperties) = preSolution
		HideSolutionNode = FALSE
	EndGlobalSection
EndGlobal
